
Microsoft Visual Studio Solution File, Format Version 12.00
# Visual Studio Version 16
VisualStudioVersion = 16.0.29609.76
MinimumVisualStudioVersion = 10.0.40219.1
Project("{FAE04EC0-301F-11D3-BF4B-00C04F79EFBC}") = "Design", "src\Design.csproj", "{7C8DAC7C-FBC8-41A7-81EA-70B2097B8C98}"
EndProject
Global
	GlobalSection(SolutionConfigurationPlatforms) = preSolution
		Debug|Any CPU = Debug|Any CPU
		Release|Any CPU = Release|Any CPU
	EndGlobalSection
	GlobalSection(ProjectConfigurationPlatforms) = postSolution
		{7C8DAC7C-FBC8-41A7-81EA-70B2097B8C98}.Debug|Any CPU.ActiveCfg = Debug|Any CPU
		{7C8DAC7C-FBC8-41A7-81EA-70B2097B8C98}.Debug|Any CPU.Build.0 = Debug|Any CPU
		{7C8DAC7C-FBC8-41A7-81EA-70B2097B8C98}.Release|Any CPU.ActiveCfg = Release|Any CPU
		{7C8DAC7C-FBC8-41A7-81EA-70B2097B8C98}.Release|Any CPU.Build.0 = Release|Any CPU
	EndGlobalSection
	GlobalSection(SolutionProperties) = preSolution
		HideSolutionNode = FALSE
	EndGlobalSection
	GlobalSection(ExtensibilityGlobals) = postSolution
		SolutionGuid = {27CEA6F3-30AC-40EF-A8DC-C087501FC16B}
	EndGlobalSection
EndGlobal
